
Microsoft Visual Studio Solution File, Format Version 12.00
# Visual Studio Version 17
VisualStudioVersion = 17.11.35208.52
MinimumVisualStudioVersion = 10.0.40219.1
Project("{FAE04EC0-301F-11D3-BF4B-00C04F79EFBC}") = "Todolist.Api", "Todolist.Api\Todolist.Api.csproj", "{3E938EBE-42E6-4702-9BF6-101CA8BE1109}"
EndProject
Global
	GlobalSection(SolutionConfigurationPlatforms) = preSolution
		Debug|Any CPU = Debug|Any CPU
		Release|Any CPU = Release|Any CPU
	EndGlobalSection
	GlobalSection(ProjectConfigurationPlatforms) = postSolution
		{3E938EBE-42E6-4702-9BF6-101CA8BE1109}.Debug|Any CPU.ActiveCfg = Debug|Any CPU
		{3E938EBE-42E6-4702-9BF6-101CA8BE1109}.Debug|Any CPU.Build.0 = Debug|Any CPU
		{3E938EBE-42E6-4702-9BF6-101CA8BE1109}.Release|Any CPU.ActiveCfg = Release|Any CPU
		{3E938EBE-42E6-4702-9BF6-101CA8BE1109}.Release|Any CPU.Build.0 = Release|Any CPU
	EndGlobalSection
	GlobalSection(SolutionProperties) = preSolution
		HideSolutionNode = FALSE
	EndGlobalSection
	GlobalSection(ExtensibilityGlobals) = postSolution
		SolutionGuid = {20F6DCBF-5A03-4FD5-A6CC-EE9EBCFC1664}
	EndGlobalSection
EndGlobal
